
Microsoft Visual Studio Solution File, Format Version 12.00
# Visual Studio 15
VisualStudioVersion = 15.0.27130.2010
MinimumVisualStudioVersion = 10.0.40219.1
Project("{FAE04EC0-301F-11D3-BF4B-00C04F79EFBC}") = "LottoQuickTip", "LottoQuickTip\LottoQuickTip.csproj", "{BAC729E1-570F-449A-8F6B-AD04C099322A}"
EndProject
Global
	GlobalSection(SolutionConfigurationPlatforms) = preSolution
		Debug|Any CPU = Debug|Any CPU
		Release|Any CPU = Release|Any CPU
	EndGlobalSection
	GlobalSection(ProjectConfigurationPlatforms) = postSolution
		{BAC729E1-570F-449A-8F6B-AD04C099322A}.Debug|Any CPU.ActiveCfg = Debug|Any CPU
		{BAC729E1-570F-449A-8F6B-AD04C099322A}.Debug|Any CPU.Build.0 = Debug|Any CPU
		{BAC729E1-570F-449A-8F6B-AD04C099322A}.Release|Any CPU.ActiveCfg = Release|Any CPU
		{BAC729E1-570F-449A-8F6B-AD04C099322A}.Release|Any CPU.Build.0 = Release|Any CPU
	EndGlobalSection
	GlobalSection(SolutionProperties) = preSolution
		HideSolutionNode = FALSE
	EndGlobalSection
	GlobalSection(ExtensibilityGlobals) = postSolution
		SolutionGuid = {90EB5938-4D3C-45BF-BFAC-8ACB9BE13EF3}
	EndGlobalSection
EndGlobal
