
Microsoft Visual Studio Solution File, Format Version 12.00
# Visual Studio Version 17
VisualStudioVersion = 17.7.34024.191
MinimumVisualStudioVersion = 10.0.40219.1
Project("{9A19103F-16F7-4668-BE54-9A1E7A4F7556}") = "LayoutSample", "LayoutSample\LayoutSample.csproj", "{187CAE4E-A604-434C-80BC-8C9C696A212C}"
EndProject
Project("{9A19103F-16F7-4668-BE54-9A1E7A4F7556}") = "LayoutSample1", "LayoutSample1\LayoutSample1.csproj", "{E3ED9FB1-AC61-4420-AFC4-04B2BA0DF546}"
EndProject
Project("{9A19103F-16F7-4668-BE54-9A1E7A4F7556}") = "LayoutSample2", "LayoutSample2\LayoutSample2.csproj", "{8205F9C8-C757-4166-96A6-9D92262FDBB1}"
EndProject
Project("{9A19103F-16F7-4668-BE54-9A1E7A4F7556}") = "LayoutSample3", "LayoutSample3\LayoutSample3.csproj", "{FA1F2183-9FD6-4816-9CFE-5CC4E31D534A}"
EndProject
Project("{9A19103F-16F7-4668-BE54-9A1E7A4F7556}") = "LayoutSample4", "LayoutSample4\LayoutSample4.csproj", "{58C27485-2AB9-456E-BAC9-6EF87FF95001}"
EndProject
Global
	GlobalSection(SolutionConfigurationPlatforms) = preSolution
		Debug|Any CPU = Debug|Any CPU
		Release|Any CPU = Release|Any CPU
	EndGlobalSection
	GlobalSection(ProjectConfigurationPlatforms) = postSolution
		{187CAE4E-A604-434C-80BC-8C9C696A212C}.Debug|Any CPU.ActiveCfg = Debug|Any CPU
		{187CAE4E-A604-434C-80BC-8C9C696A212C}.Debug|Any CPU.Build.0 = Debug|Any CPU
		{187CAE4E-A604-434C-80BC-8C9C696A212C}.Release|Any CPU.ActiveCfg = Release|Any CPU
		{187CAE4E-A604-434C-80BC-8C9C696A212C}.Release|Any CPU.Build.0 = Release|Any CPU
		{E3ED9FB1-AC61-4420-AFC4-04B2BA0DF546}.Debug|Any CPU.ActiveCfg = Debug|Any CPU
		{E3ED9FB1-AC61-4420-AFC4-04B2BA0DF546}.Debug|Any CPU.Build.0 = Debug|Any CPU
		{E3ED9FB1-AC61-4420-AFC4-04B2BA0DF546}.Release|Any CPU.ActiveCfg = Release|Any CPU
		{E3ED9FB1-AC61-4420-AFC4-04B2BA0DF546}.Release|Any CPU.Build.0 = Release|Any CPU
		{8205F9C8-C757-4166-96A6-9D92262FDBB1}.Debug|Any CPU.ActiveCfg = Debug|Any CPU
		{8205F9C8-C757-4166-96A6-9D92262FDBB1}.Debug|Any CPU.Build.0 = Debug|Any CPU
		{8205F9C8-C757-4166-96A6-9D92262FDBB1}.Release|Any CPU.ActiveCfg = Release|Any CPU
		{8205F9C8-C757-4166-96A6-9D92262FDBB1}.Release|Any CPU.Build.0 = Release|Any CPU
		{FA1F2183-9FD6-4816-9CFE-5CC4E31D534A}.Debug|Any CPU.ActiveCfg = Debug|Any CPU
		{FA1F2183-9FD6-4816-9CFE-5CC4E31D534A}.Debug|Any CPU.Build.0 = Debug|Any CPU
		{FA1F2183-9FD6-4816-9CFE-5CC4E31D534A}.Release|Any CPU.ActiveCfg = Release|Any CPU
		{FA1F2183-9FD6-4816-9CFE-5CC4E31D534A}.Release|Any CPU.Build.0 = Release|Any CPU
		{58C27485-2AB9-456E-BAC9-6EF87FF95001}.Debug|Any CPU.ActiveCfg = Debug|Any CPU
		{58C27485-2AB9-456E-BAC9-6EF87FF95001}.Debug|Any CPU.Build.0 = Debug|Any CPU
		{58C27485-2AB9-456E-BAC9-6EF87FF95001}.Release|Any CPU.ActiveCfg = Release|Any CPU
		{58C27485-2AB9-456E-BAC9-6EF87FF95001}.Release|Any CPU.Build.0 = Release|Any CPU
	EndGlobalSection
	GlobalSection(SolutionProperties) = preSolution
		HideSolutionNode = FALSE
	EndGlobalSection
	GlobalSection(ExtensibilityGlobals) = postSolution
		SolutionGuid = {8A3551FA-BBEE-48E9-A6F9-EA47097F0462}
	EndGlobalSection
EndGlobal
