
Microsoft Visual Studio Solution File, Format Version 12.00
# Visual Studio 15
VisualStudioVersion = 15.0.27130.2020
MinimumVisualStudioVersion = 10.0.40219.1
Project("{FAE04EC0-301F-11D3-BF4B-00C04F79EFBC}") = "CoffeeMachine", "CoffeeMachine\CoffeeMachine.csproj", "{C5542C2F-C2DE-4C00-B200-EBAF1C9FEE57}"
EndProject
Global
	GlobalSection(SolutionConfigurationPlatforms) = preSolution
		Debug|Any CPU = Debug|Any CPU
		Release|Any CPU = Release|Any CPU
	EndGlobalSection
	GlobalSection(ProjectConfigurationPlatforms) = postSolution
		{C5542C2F-C2DE-4C00-B200-EBAF1C9FEE57}.Debug|Any CPU.ActiveCfg = Debug|Any CPU
		{C5542C2F-C2DE-4C00-B200-EBAF1C9FEE57}.Debug|Any CPU.Build.0 = Debug|Any CPU
		{C5542C2F-C2DE-4C00-B200-EBAF1C9FEE57}.Release|Any CPU.ActiveCfg = Release|Any CPU
		{C5542C2F-C2DE-4C00-B200-EBAF1C9FEE57}.Release|Any CPU.Build.0 = Release|Any CPU
	EndGlobalSection
	GlobalSection(SolutionProperties) = preSolution
		HideSolutionNode = FALSE
	EndGlobalSection
	GlobalSection(ExtensibilityGlobals) = postSolution
		SolutionGuid = {968F4091-D105-4925-A3EC-AFCB27AAE303}
	EndGlobalSection
EndGlobal
