
Microsoft Visual Studio Solution File, Format Version 12.00
# Visual Studio Version 17
VisualStudioVersion = 17.7.34031.279
MinimumVisualStudioVersion = 10.0.40219.1
Project("{9A19103F-16F7-4668-BE54-9A1E7A4F7556}") = "Sudoku", "WpfGui\Sudoku.csproj", "{67FAE347-C0E4-4EC8-BC51-D30F164F9989}"
EndProject
Project("{9A19103F-16F7-4668-BE54-9A1E7A4F7556}") = "Solve", "Solve\Solve.csproj", "{B902CDD9-241B-4B84-877B-5F6366784F39}"
EndProject
Global
	GlobalSection(SolutionConfigurationPlatforms) = preSolution
		Debug|Any CPU = Debug|Any CPU
		Release|Any CPU = Release|Any CPU
	EndGlobalSection
	GlobalSection(ProjectConfigurationPlatforms) = postSolution
		{67FAE347-C0E4-4EC8-BC51-D30F164F9989}.Debug|Any CPU.ActiveCfg = Debug|Any CPU
		{67FAE347-C0E4-4EC8-BC51-D30F164F9989}.Debug|Any CPU.Build.0 = Debug|Any CPU
		{67FAE347-C0E4-4EC8-BC51-D30F164F9989}.Release|Any CPU.ActiveCfg = Release|Any CPU
		{67FAE347-C0E4-4EC8-BC51-D30F164F9989}.Release|Any CPU.Build.0 = Release|Any CPU
		{B902CDD9-241B-4B84-877B-5F6366784F39}.Debug|Any CPU.ActiveCfg = Debug|Any CPU
		{B902CDD9-241B-4B84-877B-5F6366784F39}.Debug|Any CPU.Build.0 = Debug|Any CPU
		{B902CDD9-241B-4B84-877B-5F6366784F39}.Release|Any CPU.ActiveCfg = Release|Any CPU
		{B902CDD9-241B-4B84-877B-5F6366784F39}.Release|Any CPU.Build.0 = Release|Any CPU
	EndGlobalSection
	GlobalSection(SolutionProperties) = preSolution
		HideSolutionNode = FALSE
	EndGlobalSection
	GlobalSection(ExtensibilityGlobals) = postSolution
		SolutionGuid = {8FAFEE3F-FDF9-44E4-886E-B44F4012F1A8}
	EndGlobalSection
EndGlobal
