
Microsoft Visual Studio Solution File, Format Version 12.00
# Visual Studio Version 17
VisualStudioVersion = 17.3.32929.385
MinimumVisualStudioVersion = 10.0.40219.1
Project("{9A19103F-16F7-4668-BE54-9A1E7A4F7556}") = "ShiftGame3x3", "ShiftGame3x3\ShiftGame3x3.csproj", "{A0700120-097E-4271-943B-F36E91D0257D}"
EndProject
Project("{9A19103F-16F7-4668-BE54-9A1E7A4F7556}") = "ShiftGame4x4", "ShiftGame4x4\ShiftGame4x4.csproj", "{68D65B47-9ED8-4F31-B336-9814DE8A1264}"
EndProject
Project("{9A19103F-16F7-4668-BE54-9A1E7A4F7556}") = "ShiftGame5x5", "ShiftGame5x5\ShiftGame5x5.csproj", "{B61040F9-5B9D-464F-A27D-0742B117F001}"
EndProject
Project("{9A19103F-16F7-4668-BE54-9A1E7A4F7556}") = "ShiftGame6x6", "ShiftGame6x6\ShiftGame6x6.csproj", "{FF3A7395-9DF0-4985-A4BC-E13BD05BE4F5}"
EndProject
Project("{9A19103F-16F7-4668-BE54-9A1E7A4F7556}") = "ShiftGameCore", "ShiftGameCore\ShiftGameCore.csproj", "{7EB67820-0777-4D8B-B4A7-08F76942D7EC}"
EndProject
Global
	GlobalSection(SolutionConfigurationPlatforms) = preSolution
		Debug|Any CPU = Debug|Any CPU
		Release|Any CPU = Release|Any CPU
	EndGlobalSection
	GlobalSection(ProjectConfigurationPlatforms) = postSolution
		{A0700120-097E-4271-943B-F36E91D0257D}.Debug|Any CPU.ActiveCfg = Debug|Any CPU
		{A0700120-097E-4271-943B-F36E91D0257D}.Debug|Any CPU.Build.0 = Debug|Any CPU
		{A0700120-097E-4271-943B-F36E91D0257D}.Release|Any CPU.ActiveCfg = Release|Any CPU
		{A0700120-097E-4271-943B-F36E91D0257D}.Release|Any CPU.Build.0 = Release|Any CPU
		{68D65B47-9ED8-4F31-B336-9814DE8A1264}.Debug|Any CPU.ActiveCfg = Debug|Any CPU
		{68D65B47-9ED8-4F31-B336-9814DE8A1264}.Debug|Any CPU.Build.0 = Debug|Any CPU
		{68D65B47-9ED8-4F31-B336-9814DE8A1264}.Release|Any CPU.ActiveCfg = Release|Any CPU
		{68D65B47-9ED8-4F31-B336-9814DE8A1264}.Release|Any CPU.Build.0 = Release|Any CPU
		{B61040F9-5B9D-464F-A27D-0742B117F001}.Debug|Any CPU.ActiveCfg = Debug|Any CPU
		{B61040F9-5B9D-464F-A27D-0742B117F001}.Debug|Any CPU.Build.0 = Debug|Any CPU
		{B61040F9-5B9D-464F-A27D-0742B117F001}.Release|Any CPU.ActiveCfg = Release|Any CPU
		{B61040F9-5B9D-464F-A27D-0742B117F001}.Release|Any CPU.Build.0 = Release|Any CPU
		{FF3A7395-9DF0-4985-A4BC-E13BD05BE4F5}.Debug|Any CPU.ActiveCfg = Debug|Any CPU
		{FF3A7395-9DF0-4985-A4BC-E13BD05BE4F5}.Debug|Any CPU.Build.0 = Debug|Any CPU
		{FF3A7395-9DF0-4985-A4BC-E13BD05BE4F5}.Release|Any CPU.ActiveCfg = Release|Any CPU
		{FF3A7395-9DF0-4985-A4BC-E13BD05BE4F5}.Release|Any CPU.Build.0 = Release|Any CPU
		{7EB67820-0777-4D8B-B4A7-08F76942D7EC}.Debug|Any CPU.ActiveCfg = Debug|Any CPU
		{7EB67820-0777-4D8B-B4A7-08F76942D7EC}.Debug|Any CPU.Build.0 = Debug|Any CPU
		{7EB67820-0777-4D8B-B4A7-08F76942D7EC}.Release|Any CPU.ActiveCfg = Release|Any CPU
		{7EB67820-0777-4D8B-B4A7-08F76942D7EC}.Release|Any CPU.Build.0 = Release|Any CPU
	EndGlobalSection
	GlobalSection(SolutionProperties) = preSolution
		HideSolutionNode = FALSE
	EndGlobalSection
	GlobalSection(ExtensibilityGlobals) = postSolution
		SolutionGuid = {0FE201DE-805C-4A63-B331-C0A7D7FD78E7}
	EndGlobalSection
EndGlobal
