
Microsoft Visual Studio Solution File, Format Version 12.00
# Visual Studio 15
VisualStudioVersion = 15.0.27130.2036
MinimumVisualStudioVersion = 10.0.40219.1
Project("{9A19103F-16F7-4668-BE54-9A1E7A4F7556}") = "Enterprise.Logic.Contracts", "Enterprise.Logic.Contracts\Enterprise.Logic.Contracts.csproj", "{EC0043C6-E543-47D5-80EB-9462E462E4A2}"
EndProject
Project("{9A19103F-16F7-4668-BE54-9A1E7A4F7556}") = "Enterprise.Logic", "Enterprise.Logic\Enterprise.Logic.csproj", "{1962BFBF-88C1-483E-AEE4-63092B6A7CFC}"
EndProject
Project("{FAE04EC0-301F-11D3-BF4B-00C04F79EFBC}") = "Enterprise.WPF", "Enterprise.WPF\Enterprise.WPF.csproj", "{FB46E03C-E987-402B-958F-AB6826480D3F}"
EndProject
Project("{FAE04EC0-301F-11D3-BF4B-00C04F79EFBC}") = "Enterprise.WPF.Start", "Enterprise.WPF.Start\Enterprise.WPF.Start.csproj", "{EA442196-F76F-487E-8414-6EBF506E1725}"
EndProject
Project("{9A19103F-16F7-4668-BE54-9A1E7A4F7556}") = "Enterprise.Shared", "Enterprise.Shared\Enterprise.Shared.csproj", "{7707AF63-46A8-4156-A185-C11FEA4D468A}"
EndProject
Project("{FAE04EC0-301F-11D3-BF4B-00C04F79EFBC}") = "Enterprise.Tests", "Enterprise.Tests\Enterprise.Tests.csproj", "{E037F54B-5A9C-4A63-96D8-CE6C955A002B}"
EndProject
Project("{9A19103F-16F7-4668-BE54-9A1E7A4F7556}") = "Enterprise.Service.Contracts", "Enterprise.Service.Contracts\Enterprise.Service.Contracts.csproj", "{410AD25C-DDC6-4FD5-80F3-CFCC2A108C65}"
EndProject
Project("{9A19103F-16F7-4668-BE54-9A1E7A4F7556}") = "Enterprise.WebServer", "Enterprise.WebServer\Enterprise.WebServer.csproj", "{84F316C1-61F3-4216-8261-A0509D2DF9C6}"
EndProject
Project("{9A19103F-16F7-4668-BE54-9A1E7A4F7556}") = "Enterprise.Service.ProxyWeb", "Enterprise.Service.ProxyWeb\Enterprise.Service.ProxyWeb.csproj", "{38FAED11-0904-4325-93F3-C7814B885297}"
EndProject
Project("{FAE04EC0-301F-11D3-BF4B-00C04F79EFBC}") = "Enterprise.DTO", "Enterprise.DTO\Enterprise.DTO.csproj", "{25C1A755-4E50-4C29-810A-B6DA5A1FBBF3}"
EndProject
Global
	GlobalSection(SolutionConfigurationPlatforms) = preSolution
		Debug|Any CPU = Debug|Any CPU
		Release|Any CPU = Release|Any CPU
	EndGlobalSection
	GlobalSection(ProjectConfigurationPlatforms) = postSolution
		{EC0043C6-E543-47D5-80EB-9462E462E4A2}.Debug|Any CPU.ActiveCfg = Debug|Any CPU
		{EC0043C6-E543-47D5-80EB-9462E462E4A2}.Debug|Any CPU.Build.0 = Debug|Any CPU
		{EC0043C6-E543-47D5-80EB-9462E462E4A2}.Release|Any CPU.ActiveCfg = Release|Any CPU
		{EC0043C6-E543-47D5-80EB-9462E462E4A2}.Release|Any CPU.Build.0 = Release|Any CPU
		{1962BFBF-88C1-483E-AEE4-63092B6A7CFC}.Debug|Any CPU.ActiveCfg = Debug|Any CPU
		{1962BFBF-88C1-483E-AEE4-63092B6A7CFC}.Debug|Any CPU.Build.0 = Debug|Any CPU
		{1962BFBF-88C1-483E-AEE4-63092B6A7CFC}.Release|Any CPU.ActiveCfg = Release|Any CPU
		{1962BFBF-88C1-483E-AEE4-63092B6A7CFC}.Release|Any CPU.Build.0 = Release|Any CPU
		{FB46E03C-E987-402B-958F-AB6826480D3F}.Debug|Any CPU.ActiveCfg = Debug|Any CPU
		{FB46E03C-E987-402B-958F-AB6826480D3F}.Debug|Any CPU.Build.0 = Debug|Any CPU
		{FB46E03C-E987-402B-958F-AB6826480D3F}.Release|Any CPU.ActiveCfg = Release|Any CPU
		{FB46E03C-E987-402B-958F-AB6826480D3F}.Release|Any CPU.Build.0 = Release|Any CPU
		{EA442196-F76F-487E-8414-6EBF506E1725}.Debug|Any CPU.ActiveCfg = Debug|Any CPU
		{EA442196-F76F-487E-8414-6EBF506E1725}.Debug|Any CPU.Build.0 = Debug|Any CPU
		{EA442196-F76F-487E-8414-6EBF506E1725}.Release|Any CPU.ActiveCfg = Release|Any CPU
		{EA442196-F76F-487E-8414-6EBF506E1725}.Release|Any CPU.Build.0 = Release|Any CPU
		{7707AF63-46A8-4156-A185-C11FEA4D468A}.Debug|Any CPU.ActiveCfg = Debug|Any CPU
		{7707AF63-46A8-4156-A185-C11FEA4D468A}.Debug|Any CPU.Build.0 = Debug|Any CPU
		{7707AF63-46A8-4156-A185-C11FEA4D468A}.Release|Any CPU.ActiveCfg = Release|Any CPU
		{7707AF63-46A8-4156-A185-C11FEA4D468A}.Release|Any CPU.Build.0 = Release|Any CPU
		{E037F54B-5A9C-4A63-96D8-CE6C955A002B}.Debug|Any CPU.ActiveCfg = Debug|Any CPU
		{E037F54B-5A9C-4A63-96D8-CE6C955A002B}.Debug|Any CPU.Build.0 = Debug|Any CPU
		{E037F54B-5A9C-4A63-96D8-CE6C955A002B}.Release|Any CPU.ActiveCfg = Release|Any CPU
		{E037F54B-5A9C-4A63-96D8-CE6C955A002B}.Release|Any CPU.Build.0 = Release|Any CPU
		{410AD25C-DDC6-4FD5-80F3-CFCC2A108C65}.Debug|Any CPU.ActiveCfg = Debug|Any CPU
		{410AD25C-DDC6-4FD5-80F3-CFCC2A108C65}.Debug|Any CPU.Build.0 = Debug|Any CPU
		{410AD25C-DDC6-4FD5-80F3-CFCC2A108C65}.Release|Any CPU.ActiveCfg = Release|Any CPU
		{410AD25C-DDC6-4FD5-80F3-CFCC2A108C65}.Release|Any CPU.Build.0 = Release|Any CPU
		{84F316C1-61F3-4216-8261-A0509D2DF9C6}.Debug|Any CPU.ActiveCfg = Debug|Any CPU
		{84F316C1-61F3-4216-8261-A0509D2DF9C6}.Debug|Any CPU.Build.0 = Debug|Any CPU
		{84F316C1-61F3-4216-8261-A0509D2DF9C6}.Release|Any CPU.ActiveCfg = Release|Any CPU
		{84F316C1-61F3-4216-8261-A0509D2DF9C6}.Release|Any CPU.Build.0 = Release|Any CPU
		{38FAED11-0904-4325-93F3-C7814B885297}.Debug|Any CPU.ActiveCfg = Debug|Any CPU
		{38FAED11-0904-4325-93F3-C7814B885297}.Debug|Any CPU.Build.0 = Debug|Any CPU
		{38FAED11-0904-4325-93F3-C7814B885297}.Release|Any CPU.ActiveCfg = Release|Any CPU
		{38FAED11-0904-4325-93F3-C7814B885297}.Release|Any CPU.Build.0 = Release|Any CPU
		{25C1A755-4E50-4C29-810A-B6DA5A1FBBF3}.Debug|Any CPU.ActiveCfg = Debug|Any CPU
		{25C1A755-4E50-4C29-810A-B6DA5A1FBBF3}.Debug|Any CPU.Build.0 = Debug|Any CPU
		{25C1A755-4E50-4C29-810A-B6DA5A1FBBF3}.Release|Any CPU.ActiveCfg = Release|Any CPU
		{25C1A755-4E50-4C29-810A-B6DA5A1FBBF3}.Release|Any CPU.Build.0 = Release|Any CPU
	EndGlobalSection
	GlobalSection(SolutionProperties) = preSolution
		HideSolutionNode = FALSE
	EndGlobalSection
	GlobalSection(ExtensibilityGlobals) = postSolution
		SolutionGuid = {2AFDA8F9-E156-4D6F-B5E8-D27023426483}
	EndGlobalSection
EndGlobal
