
Microsoft Visual Studio Solution File, Format Version 12.00
# Visual Studio 15
VisualStudioVersion = 15.0.27004.2010
MinimumVisualStudioVersion = 10.0.40219.1
Project("{9A19103F-16F7-4668-BE54-9A1E7A4F7556}") = "SVCheck", "SVCheck\SVCheck.csproj", "{307B4829-EB2C-447C-91E3-D61F7B3B81DE}"
EndProject
Project("{9A19103F-16F7-4668-BE54-9A1E7A4F7556}") = "SVCheck.Test", "SVCheck.Test\SVCheck.Test.csproj", "{84EEB4DB-9783-4048-A3CE-6ABC8E00D367}"
EndProject
Global
	GlobalSection(SolutionConfigurationPlatforms) = preSolution
		Debug|Any CPU = Debug|Any CPU
		Release|Any CPU = Release|Any CPU
	EndGlobalSection
	GlobalSection(ProjectConfigurationPlatforms) = postSolution
		{307B4829-EB2C-447C-91E3-D61F7B3B81DE}.Debug|Any CPU.ActiveCfg = Debug|Any CPU
		{307B4829-EB2C-447C-91E3-D61F7B3B81DE}.Debug|Any CPU.Build.0 = Debug|Any CPU
		{307B4829-EB2C-447C-91E3-D61F7B3B81DE}.Release|Any CPU.ActiveCfg = Release|Any CPU
		{307B4829-EB2C-447C-91E3-D61F7B3B81DE}.Release|Any CPU.Build.0 = Release|Any CPU
		{84EEB4DB-9783-4048-A3CE-6ABC8E00D367}.Debug|Any CPU.ActiveCfg = Debug|Any CPU
		{84EEB4DB-9783-4048-A3CE-6ABC8E00D367}.Debug|Any CPU.Build.0 = Debug|Any CPU
		{84EEB4DB-9783-4048-A3CE-6ABC8E00D367}.Release|Any CPU.ActiveCfg = Release|Any CPU
		{84EEB4DB-9783-4048-A3CE-6ABC8E00D367}.Release|Any CPU.Build.0 = Release|Any CPU
	EndGlobalSection
	GlobalSection(SolutionProperties) = preSolution
		HideSolutionNode = FALSE
	EndGlobalSection
	GlobalSection(ExtensibilityGlobals) = postSolution
		SolutionGuid = {7040AA10-7555-4F34-9C3D-0EB55B598C9A}
	EndGlobalSection
EndGlobal
