
Microsoft Visual Studio Solution File, Format Version 12.00
# Visual Studio Version 17
VisualStudioVersion = 17.2.32526.322
MinimumVisualStudioVersion = 10.0.40219.1
Project("{9A19103F-16F7-4668-BE54-9A1E7A4F7556}") = "AuthenticationBase", "AuthenticationBase\AuthenticationBase.csproj", "{CF04BE4E-9B3F-47D7-96F3-EF0CA3C72695}"
EndProject
Project("{9A19103F-16F7-4668-BE54-9A1E7A4F7556}") = "Core", "Core\Core.csproj", "{B53DDE73-1C72-4B4A-9FA4-989D7983F8B9}"
EndProject
Project("{9A19103F-16F7-4668-BE54-9A1E7A4F7556}") = "ImportConsoleApp", "ImportConsoleApp\ImportConsoleApp.csproj", "{A7D8A6AF-6DB1-4156-8F5F-0F7C0E116F70}"
EndProject
Project("{9A19103F-16F7-4668-BE54-9A1E7A4F7556}") = "Persistence", "Persistence\Persistence.csproj", "{9A92A91F-8867-4E2F-8814-C43D5CC81155}"
EndProject
Project("{2150E333-8FDC-42A3-9474-1A3956D46DE8}") = "Solution Items", "Solution Items", "{E6D04A2E-2850-4990-8945-E56F670FA829}"
	ProjectSection(SolutionItems) = preProject
		docker-compose.yml = docker-compose.yml
	EndProjectSection
EndProject
Project("{9A19103F-16F7-4668-BE54-9A1E7A4F7556}") = "WpfTadeotAdmin", "WpfTadeotAdmin\WpfTadeotAdmin.csproj", "{C7513E07-D205-4C34-9607-305E476DF019}"
EndProject
Project("{FAE04EC0-301F-11D3-BF4B-00C04F79EFBC}") = "WpfMvvmBase", "WpfMvvmBase\WpfMvvmBase.csproj", "{AB33C3E0-7016-4AAD-A4E6-4AAA1B4B8E95}"
EndProject
Global
	GlobalSection(SolutionConfigurationPlatforms) = preSolution
		Debug|Any CPU = Debug|Any CPU
		Release|Any CPU = Release|Any CPU
	EndGlobalSection
	GlobalSection(ProjectConfigurationPlatforms) = postSolution
		{CF04BE4E-9B3F-47D7-96F3-EF0CA3C72695}.Debug|Any CPU.ActiveCfg = Debug|Any CPU
		{CF04BE4E-9B3F-47D7-96F3-EF0CA3C72695}.Debug|Any CPU.Build.0 = Debug|Any CPU
		{CF04BE4E-9B3F-47D7-96F3-EF0CA3C72695}.Release|Any CPU.ActiveCfg = Release|Any CPU
		{CF04BE4E-9B3F-47D7-96F3-EF0CA3C72695}.Release|Any CPU.Build.0 = Release|Any CPU
		{B53DDE73-1C72-4B4A-9FA4-989D7983F8B9}.Debug|Any CPU.ActiveCfg = Debug|Any CPU
		{B53DDE73-1C72-4B4A-9FA4-989D7983F8B9}.Debug|Any CPU.Build.0 = Debug|Any CPU
		{B53DDE73-1C72-4B4A-9FA4-989D7983F8B9}.Release|Any CPU.ActiveCfg = Release|Any CPU
		{B53DDE73-1C72-4B4A-9FA4-989D7983F8B9}.Release|Any CPU.Build.0 = Release|Any CPU
		{A7D8A6AF-6DB1-4156-8F5F-0F7C0E116F70}.Debug|Any CPU.ActiveCfg = Debug|Any CPU
		{A7D8A6AF-6DB1-4156-8F5F-0F7C0E116F70}.Debug|Any CPU.Build.0 = Debug|Any CPU
		{A7D8A6AF-6DB1-4156-8F5F-0F7C0E116F70}.Release|Any CPU.ActiveCfg = Release|Any CPU
		{A7D8A6AF-6DB1-4156-8F5F-0F7C0E116F70}.Release|Any CPU.Build.0 = Release|Any CPU
		{9A92A91F-8867-4E2F-8814-C43D5CC81155}.Debug|Any CPU.ActiveCfg = Debug|Any CPU
		{9A92A91F-8867-4E2F-8814-C43D5CC81155}.Debug|Any CPU.Build.0 = Debug|Any CPU
		{9A92A91F-8867-4E2F-8814-C43D5CC81155}.Release|Any CPU.ActiveCfg = Release|Any CPU
		{9A92A91F-8867-4E2F-8814-C43D5CC81155}.Release|Any CPU.Build.0 = Release|Any CPU
		{C7513E07-D205-4C34-9607-305E476DF019}.Debug|Any CPU.ActiveCfg = Debug|Any CPU
		{C7513E07-D205-4C34-9607-305E476DF019}.Debug|Any CPU.Build.0 = Debug|Any CPU
		{C7513E07-D205-4C34-9607-305E476DF019}.Release|Any CPU.ActiveCfg = Release|Any CPU
		{C7513E07-D205-4C34-9607-305E476DF019}.Release|Any CPU.Build.0 = Release|Any CPU
		{AB33C3E0-7016-4AAD-A4E6-4AAA1B4B8E95}.Debug|Any CPU.ActiveCfg = Debug|Any CPU
		{AB33C3E0-7016-4AAD-A4E6-4AAA1B4B8E95}.Debug|Any CPU.Build.0 = Debug|Any CPU
		{AB33C3E0-7016-4AAD-A4E6-4AAA1B4B8E95}.Release|Any CPU.ActiveCfg = Release|Any CPU
		{AB33C3E0-7016-4AAD-A4E6-4AAA1B4B8E95}.Release|Any CPU.Build.0 = Release|Any CPU
	EndGlobalSection
	GlobalSection(SolutionProperties) = preSolution
		HideSolutionNode = FALSE
	EndGlobalSection
	GlobalSection(ExtensibilityGlobals) = postSolution
		SolutionGuid = {4CA2BD2A-77F2-4448-ACD2-70C40451AB6D}
	EndGlobalSection
EndGlobal
